
Microsoft Visual Studio Solution File, Format Version 12.00
# Visual Studio Version 17
VisualStudioVersion = 17.13.36105.23 d17.13
MinimumVisualStudioVersion = 10.0.40219.1
Project("{FAE04EC0-301F-11D3-BF4B-00C04F79EFBC}") = "DSD603 MovieDB", "DSD603 MovieDB.csproj", "{DCE6EF44-4A86-45C8-95A5-B0859A1AFF3A}"
EndProject
Global
	GlobalSection(SolutionConfigurationPlatforms) = preSolution
		Debug|Any CPU = Debug|Any CPU
		Release|Any CPU = Release|Any CPU
	EndGlobalSection
	GlobalSection(ProjectConfigurationPlatforms) = postSolution
		{DCE6EF44-4A86-45C8-95A5-B0859A1AFF3A}.Debug|Any CPU.ActiveCfg = Debug|Any CPU
		{DCE6EF44-4A86-45C8-95A5-B0859A1AFF3A}.Debug|Any CPU.Build.0 = Debug|Any CPU
		{DCE6EF44-4A86-45C8-95A5-B0859A1AFF3A}.Release|Any CPU.ActiveCfg = Release|Any CPU
		{DCE6EF44-4A86-45C8-95A5-B0859A1AFF3A}.Release|Any CPU.Build.0 = Release|Any CPU
	EndGlobalSection
	GlobalSection(SolutionProperties) = preSolution
		HideSolutionNode = FALSE
	EndGlobalSection
	GlobalSection(ExtensibilityGlobals) = postSolution
		SolutionGuid = {E9F0105D-3BD6-4B16-AF1D-DDDA70A879AF}
	EndGlobalSection
EndGlobal
